{
    "_meta": {
        "hash": {
            "sha256": "f90317433b65f1abded0674c881326f1e1f2356586334432b7210461307ce880"
        },
        "pipfile-spec": 6,
        "requires": {
            "python_version": "3.6"
        },
        "sources": [
            {
                "name": "pypi",
                "url": "https://pypi.org/simple",
                "verify_ssl": true
            }
        ]
    },
    "default": {
        "git-url-parse": {
            "hashes": [
                "sha256:7929b594725394b34008fae557991eed727afab9521937fd59f565105361ec81",
                "sha256:a7d1dba7fc253dff8afb7b683af35834864c9796eb130b44ec63b2584bbc6522",
                "sha256:d647f3d7b10b6aec4a14495c45b2bd500dcfa73d2711578ef2149879bbcdf06d"
            ],
            "index": "pypi",
            "version": "==1.1.0"
        },
        "pbr": {
            "hashes": [
                "sha256:f59d71442f9ece3dffc17bc36575768e1ee9967756e6b6535f0ee1f0054c3d68",
                "sha256:f6d5b23f226a2ba58e14e49aa3b1bfaf814d0199144b95d78458212444de1387"
            ],
            "version": "==5.1.1"
        }
    },
    "develop": {}
}
